
Microsoft Visual Studio Solution File, Format Version 12.00
# Visual Studio 2012
Project("{2150E333-8FDC-42A3-9474-1A3956D46DE8}") = "SignalR", "SignalR", "{1246C68D-DFAC-4390-B074-DC538E983356}"
EndProject
Project("{FAE04EC0-301F-11D3-BF4B-00C04F79EFBC}") = "Microsoft.AspNet.SignalR.Client.iOS", "SignalR\src\Microsoft.AspNet.SignalR.Client.iOS\Microsoft.AspNet.SignalR.Client.iOS.csproj", "{44FABCC9-52E0-43AD-ABA9-C1FA909941E0}"
EndProject
Project("{FAE04EC0-301F-11D3-BF4B-00C04F79EFBC}") = "ConsoleHost", "ConsoleHost\ConsoleHost.csproj", "{5D69B6BE-062B-408D-913E-5CD2F21D5D17}"
EndProject
Project("{FAE04EC0-301F-11D3-BF4B-00C04F79EFBC}") = "iConvRse", "iConvRse\iConvRse.csproj", "{D8C0EA8D-8C1D-4921-9E89-EF0B81CA0F08}"
EndProject
Project("{FAE04EC0-301F-11D3-BF4B-00C04F79EFBC}") = "WebApp", "WebApp\WebApp.csproj", "{338A36ED-AEA1-4D2B-B465-0AAB73D8E39D}"
EndProject
Project("{2150E333-8FDC-42A3-9474-1A3956D46DE8}") = ".nuget", ".nuget", "{72B990B0-1D7F-488B-824B-E03B8370320B}"
	ProjectSection(SolutionItems) = preProject
		.nuget\NuGet.Config = .nuget\NuGet.Config
		.nuget\NuGet.exe = .nuget\NuGet.exe
		.nuget\NuGet.targets = .nuget\NuGet.targets
	EndProjectSection
EndProject
Project("{FAE04EC0-301F-11D3-BF4B-00C04F79EFBC}") = "Services", "Services\Services.csproj", "{C3E7C88F-3F45-425D-93B9-46F214FA7A62}"
EndProject
Project("{FAE04EC0-301F-11D3-BF4B-00C04F79EFBC}") = "WindowsFormsHost", "WindowsFormsHot\WindowsFormsHost.csproj", "{B2E51CD5-3CFD-496F-8693-38B076876652}"
EndProject
Project("{FAE04EC0-301F-11D3-BF4B-00C04F79EFBC}") = "WP8Client", "WP8Client\WP8Client.csproj", "{86D46DF5-BCE5-476B-8B55-3CFD81D6EDE6}"
EndProject
Project("{FAE04EC0-301F-11D3-BF4B-00C04F79EFBC}") = "WindowsFormsClient", "WindowsFormsClient\WindowsFormsClient.csproj", "{F1CB80DD-94C8-4F63-8926-05E454F6675C}"
EndProject
Project("{2150E333-8FDC-42A3-9474-1A3956D46DE8}") = "Hosts", "Hosts", "{65AC9D36-2748-4EEB-9071-6C84FCB28AAC}"
EndProject
Project("{2150E333-8FDC-42A3-9474-1A3956D46DE8}") = "Clients", "Clients", "{B50B53DA-F06F-49D3-886A-E5E82426F487}"
EndProject
Global
	GlobalSection(SolutionConfigurationPlatforms) = preSolution
		Ad-Hoc|Any CPU = Ad-Hoc|Any CPU
		Ad-Hoc|ARM = Ad-Hoc|ARM
		Ad-Hoc|iPhone = Ad-Hoc|iPhone
		Ad-Hoc|iPhoneSimulator = Ad-Hoc|iPhoneSimulator
		Ad-Hoc|Mixed Platforms = Ad-Hoc|Mixed Platforms
		Ad-Hoc|x86 = Ad-Hoc|x86
		AppStore|Any CPU = AppStore|Any CPU
		AppStore|ARM = AppStore|ARM
		AppStore|iPhone = AppStore|iPhone
		AppStore|iPhoneSimulator = AppStore|iPhoneSimulator
		AppStore|Mixed Platforms = AppStore|Mixed Platforms
		AppStore|x86 = AppStore|x86
		Debug|Any CPU = Debug|Any CPU
		Debug|ARM = Debug|ARM
		Debug|iPhone = Debug|iPhone
		Debug|iPhoneSimulator = Debug|iPhoneSimulator
		Debug|Mixed Platforms = Debug|Mixed Platforms
		Debug|x86 = Debug|x86
		Release|Any CPU = Release|Any CPU
		Release|ARM = Release|ARM
		Release|iPhone = Release|iPhone
		Release|iPhoneSimulator = Release|iPhoneSimulator
		Release|Mixed Platforms = Release|Mixed Platforms
		Release|x86 = Release|x86
	EndGlobalSection
	GlobalSection(ProjectConfigurationPlatforms) = postSolution
		{44FABCC9-52E0-43AD-ABA9-C1FA909941E0}.Ad-Hoc|Any CPU.ActiveCfg = Ad-Hoc|iPhoneSimulator
		{44FABCC9-52E0-43AD-ABA9-C1FA909941E0}.Ad-Hoc|ARM.ActiveCfg = Ad-Hoc|iPhone
		{44FABCC9-52E0-43AD-ABA9-C1FA909941E0}.Ad-Hoc|iPhone.ActiveCfg = Ad-Hoc|iPhone
		{44FABCC9-52E0-43AD-ABA9-C1FA909941E0}.Ad-Hoc|iPhone.Build.0 = Ad-Hoc|iPhone
		{44FABCC9-52E0-43AD-ABA9-C1FA909941E0}.Ad-Hoc|iPhoneSimulator.ActiveCfg = Ad-Hoc|iPhoneSimulator
		{44FABCC9-52E0-43AD-ABA9-C1FA909941E0}.Ad-Hoc|iPhoneSimulator.Build.0 = Ad-Hoc|iPhoneSimulator
		{44FABCC9-52E0-43AD-ABA9-C1FA909941E0}.Ad-Hoc|Mixed Platforms.ActiveCfg = Ad-Hoc|iPhoneSimulator
		{44FABCC9-52E0-43AD-ABA9-C1FA909941E0}.Ad-Hoc|x86.ActiveCfg = Ad-Hoc|iPhone
		{44FABCC9-52E0-43AD-ABA9-C1FA909941E0}.AppStore|Any CPU.ActiveCfg = AppStore|iPhoneSimulator
		{44FABCC9-52E0-43AD-ABA9-C1FA909941E0}.AppStore|ARM.ActiveCfg = AppStore|iPhone
		{44FABCC9-52E0-43AD-ABA9-C1FA909941E0}.AppStore|iPhone.ActiveCfg = AppStore|iPhone
		{44FABCC9-52E0-43AD-ABA9-C1FA909941E0}.AppStore|iPhone.Build.0 = AppStore|iPhone
		{44FABCC9-52E0-43AD-ABA9-C1FA909941E0}.AppStore|iPhoneSimulator.ActiveCfg = AppStore|iPhoneSimulator
		{44FABCC9-52E0-43AD-ABA9-C1FA909941E0}.AppStore|iPhoneSimulator.Build.0 = AppStore|iPhoneSimulator
		{44FABCC9-52E0-43AD-ABA9-C1FA909941E0}.AppStore|Mixed Platforms.ActiveCfg = AppStore|iPhoneSimulator
		{44FABCC9-52E0-43AD-ABA9-C1FA909941E0}.AppStore|x86.ActiveCfg = AppStore|iPhone
		{44FABCC9-52E0-43AD-ABA9-C1FA909941E0}.Debug|Any CPU.ActiveCfg = Debug|iPhoneSimulator
		{44FABCC9-52E0-43AD-ABA9-C1FA909941E0}.Debug|ARM.ActiveCfg = Debug|iPhone
		{44FABCC9-52E0-43AD-ABA9-C1FA909941E0}.Debug|iPhone.ActiveCfg = Debug|iPhone
		{44FABCC9-52E0-43AD-ABA9-C1FA909941E0}.Debug|iPhone.Build.0 = Debug|iPhone
		{44FABCC9-52E0-43AD-ABA9-C1FA909941E0}.Debug|iPhoneSimulator.ActiveCfg = Debug|iPhoneSimulator
		{44FABCC9-52E0-43AD-ABA9-C1FA909941E0}.Debug|iPhoneSimulator.Build.0 = Debug|iPhoneSimulator
		{44FABCC9-52E0-43AD-ABA9-C1FA909941E0}.Debug|Mixed Platforms.ActiveCfg = Debug|iPhoneSimulator
		{44FABCC9-52E0-43AD-ABA9-C1FA909941E0}.Debug|x86.ActiveCfg = Debug|iPhone
		{44FABCC9-52E0-43AD-ABA9-C1FA909941E0}.Release|Any CPU.ActiveCfg = Release|iPhoneSimulator
		{44FABCC9-52E0-43AD-ABA9-C1FA909941E0}.Release|ARM.ActiveCfg = Release|iPhone
		{44FABCC9-52E0-43AD-ABA9-C1FA909941E0}.Release|iPhone.ActiveCfg = Release|iPhone
		{44FABCC9-52E0-43AD-ABA9-C1FA909941E0}.Release|iPhone.Build.0 = Release|iPhone
		{44FABCC9-52E0-43AD-ABA9-C1FA909941E0}.Release|iPhoneSimulator.ActiveCfg = Release|iPhoneSimulator
		{44FABCC9-52E0-43AD-ABA9-C1FA909941E0}.Release|iPhoneSimulator.Build.0 = Release|iPhoneSimulator
		{44FABCC9-52E0-43AD-ABA9-C1FA909941E0}.Release|Mixed Platforms.ActiveCfg = Release|iPhoneSimulator
		{44FABCC9-52E0-43AD-ABA9-C1FA909941E0}.Release|x86.ActiveCfg = Release|iPhone
		{5D69B6BE-062B-408D-913E-5CD2F21D5D17}.Ad-Hoc|Any CPU.ActiveCfg = Debug|Any CPU
		{5D69B6BE-062B-408D-913E-5CD2F21D5D17}.Ad-Hoc|Any CPU.Build.0 = Debug|Any CPU
		{5D69B6BE-062B-408D-913E-5CD2F21D5D17}.Ad-Hoc|ARM.ActiveCfg = Release|Any CPU
		{5D69B6BE-062B-408D-913E-5CD2F21D5D17}.Ad-Hoc|iPhone.ActiveCfg = Release|Any CPU
		{5D69B6BE-062B-408D-913E-5CD2F21D5D17}.Ad-Hoc|iPhone.Build.0 = Release|Any CPU
		{5D69B6BE-062B-408D-913E-5CD2F21D5D17}.Ad-Hoc|iPhoneSimulator.ActiveCfg = Debug|Any CPU
		{5D69B6BE-062B-408D-913E-5CD2F21D5D17}.Ad-Hoc|iPhoneSimulator.Build.0 = Debug|Any CPU
		{5D69B6BE-062B-408D-913E-5CD2F21D5D17}.Ad-Hoc|Mixed Platforms.ActiveCfg = Debug|Any CPU
		{5D69B6BE-062B-408D-913E-5CD2F21D5D17}.Ad-Hoc|Mixed Platforms.Build.0 = Debug|Any CPU
		{5D69B6BE-062B-408D-913E-5CD2F21D5D17}.Ad-Hoc|x86.ActiveCfg = Release|Any CPU
		{5D69B6BE-062B-408D-913E-5CD2F21D5D17}.AppStore|Any CPU.ActiveCfg = Debug|Any CPU
		{5D69B6BE-062B-408D-913E-5CD2F21D5D17}.AppStore|Any CPU.Build.0 = Debug|Any CPU
		{5D69B6BE-062B-408D-913E-5CD2F21D5D17}.AppStore|ARM.ActiveCfg = Release|Any CPU
		{5D69B6BE-062B-408D-913E-5CD2F21D5D17}.AppStore|iPhone.ActiveCfg = Release|Any CPU
		{5D69B6BE-062B-408D-913E-5CD2F21D5D17}.AppStore|iPhone.Build.0 = Release|Any CPU
		{5D69B6BE-062B-408D-913E-5CD2F21D5D17}.AppStore|iPhoneSimulator.ActiveCfg = Debug|Any CPU
		{5D69B6BE-062B-408D-913E-5CD2F21D5D17}.AppStore|iPhoneSimulator.Build.0 = Debug|Any CPU
		{5D69B6BE-062B-408D-913E-5CD2F21D5D17}.AppStore|Mixed Platforms.ActiveCfg = Debug|Any CPU
		{5D69B6BE-062B-408D-913E-5CD2F21D5D17}.AppStore|Mixed Platforms.Build.0 = Debug|Any CPU
		{5D69B6BE-062B-408D-913E-5CD2F21D5D17}.AppStore|x86.ActiveCfg = Release|Any CPU
		{5D69B6BE-062B-408D-913E-5CD2F21D5D17}.Debug|Any CPU.ActiveCfg = Debug|Any CPU
		{5D69B6BE-062B-408D-913E-5CD2F21D5D17}.Debug|Any CPU.Build.0 = Debug|Any CPU
		{5D69B6BE-062B-408D-913E-5CD2F21D5D17}.Debug|ARM.ActiveCfg = Debug|Any CPU
		{5D69B6BE-062B-408D-913E-5CD2F21D5D17}.Debug|iPhone.ActiveCfg = Debug|Any CPU
		{5D69B6BE-062B-408D-913E-5CD2F21D5D17}.Debug|iPhone.Build.0 = Debug|Any CPU
		{5D69B6BE-062B-408D-913E-5CD2F21D5D17}.Debug|iPhoneSimulator.ActiveCfg = Debug|Any CPU
		{5D69B6BE-062B-408D-913E-5CD2F21D5D17}.Debug|iPhoneSimulator.Build.0 = Debug|Any CPU
		{5D69B6BE-062B-408D-913E-5CD2F21D5D17}.Debug|Mixed Platforms.ActiveCfg = Debug|Any CPU
		{5D69B6BE-062B-408D-913E-5CD2F21D5D17}.Debug|Mixed Platforms.Build.0 = Debug|Any CPU
		{5D69B6BE-062B-408D-913E-5CD2F21D5D17}.Debug|x86.ActiveCfg = Debug|Any CPU
		{5D69B6BE-062B-408D-913E-5CD2F21D5D17}.Release|Any CPU.ActiveCfg = Release|Any CPU
		{5D69B6BE-062B-408D-913E-5CD2F21D5D17}.Release|Any CPU.Build.0 = Release|Any CPU
		{5D69B6BE-062B-408D-913E-5CD2F21D5D17}.Release|ARM.ActiveCfg = Release|Any CPU
		{5D69B6BE-062B-408D-913E-5CD2F21D5D17}.Release|iPhone.ActiveCfg = Release|Any CPU
		{5D69B6BE-062B-408D-913E-5CD2F21D5D17}.Release|iPhone.Build.0 = Release|Any CPU
		{5D69B6BE-062B-408D-913E-5CD2F21D5D17}.Release|iPhoneSimulator.ActiveCfg = Release|Any CPU
		{5D69B6BE-062B-408D-913E-5CD2F21D5D17}.Release|iPhoneSimulator.Build.0 = Release|Any CPU
		{5D69B6BE-062B-408D-913E-5CD2F21D5D17}.Release|Mixed Platforms.ActiveCfg = Release|Any CPU
		{5D69B6BE-062B-408D-913E-5CD2F21D5D17}.Release|Mixed Platforms.Build.0 = Release|Any CPU
		{5D69B6BE-062B-408D-913E-5CD2F21D5D17}.Release|x86.ActiveCfg = Release|Any CPU
		{D8C0EA8D-8C1D-4921-9E89-EF0B81CA0F08}.Ad-Hoc|Any CPU.ActiveCfg = Ad-Hoc|iPhone
		{D8C0EA8D-8C1D-4921-9E89-EF0B81CA0F08}.Ad-Hoc|ARM.ActiveCfg = Ad-Hoc|iPhone
		{D8C0EA8D-8C1D-4921-9E89-EF0B81CA0F08}.Ad-Hoc|iPhone.ActiveCfg = Ad-Hoc|iPhone
		{D8C0EA8D-8C1D-4921-9E89-EF0B81CA0F08}.Ad-Hoc|iPhone.Build.0 = Ad-Hoc|iPhone
		{D8C0EA8D-8C1D-4921-9E89-EF0B81CA0F08}.Ad-Hoc|iPhoneSimulator.ActiveCfg = Debug|iPhoneSimulator
		{D8C0EA8D-8C1D-4921-9E89-EF0B81CA0F08}.Ad-Hoc|iPhoneSimulator.Build.0 = Debug|iPhoneSimulator
		{D8C0EA8D-8C1D-4921-9E89-EF0B81CA0F08}.Ad-Hoc|Mixed Platforms.ActiveCfg = Ad-Hoc|iPhone
		{D8C0EA8D-8C1D-4921-9E89-EF0B81CA0F08}.Ad-Hoc|x86.ActiveCfg = Ad-Hoc|iPhone
		{D8C0EA8D-8C1D-4921-9E89-EF0B81CA0F08}.AppStore|Any CPU.ActiveCfg = AppStore|iPhone
		{D8C0EA8D-8C1D-4921-9E89-EF0B81CA0F08}.AppStore|ARM.ActiveCfg = AppStore|iPhone
		{D8C0EA8D-8C1D-4921-9E89-EF0B81CA0F08}.AppStore|iPhone.ActiveCfg = AppStore|iPhone
		{D8C0EA8D-8C1D-4921-9E89-EF0B81CA0F08}.AppStore|iPhone.Build.0 = AppStore|iPhone
		{D8C0EA8D-8C1D-4921-9E89-EF0B81CA0F08}.AppStore|iPhoneSimulator.ActiveCfg = Debug|iPhoneSimulator
		{D8C0EA8D-8C1D-4921-9E89-EF0B81CA0F08}.AppStore|iPhoneSimulator.Build.0 = Debug|iPhoneSimulator
		{D8C0EA8D-8C1D-4921-9E89-EF0B81CA0F08}.AppStore|Mixed Platforms.ActiveCfg = AppStore|iPhone
		{D8C0EA8D-8C1D-4921-9E89-EF0B81CA0F08}.AppStore|x86.ActiveCfg = AppStore|iPhone
		{D8C0EA8D-8C1D-4921-9E89-EF0B81CA0F08}.Debug|Any CPU.ActiveCfg = Debug|iPhone
		{D8C0EA8D-8C1D-4921-9E89-EF0B81CA0F08}.Debug|ARM.ActiveCfg = Debug|iPhone
		{D8C0EA8D-8C1D-4921-9E89-EF0B81CA0F08}.Debug|iPhone.ActiveCfg = Debug|iPhone
		{D8C0EA8D-8C1D-4921-9E89-EF0B81CA0F08}.Debug|iPhone.Build.0 = Debug|iPhone
		{D8C0EA8D-8C1D-4921-9E89-EF0B81CA0F08}.Debug|iPhoneSimulator.ActiveCfg = Debug|iPhoneSimulator
		{D8C0EA8D-8C1D-4921-9E89-EF0B81CA0F08}.Debug|iPhoneSimulator.Build.0 = Debug|iPhoneSimulator
		{D8C0EA8D-8C1D-4921-9E89-EF0B81CA0F08}.Debug|Mixed Platforms.ActiveCfg = Debug|iPhone
		{D8C0EA8D-8C1D-4921-9E89-EF0B81CA0F08}.Debug|x86.ActiveCfg = Debug|iPhone
		{D8C0EA8D-8C1D-4921-9E89-EF0B81CA0F08}.Release|Any CPU.ActiveCfg = Release|iPhoneSimulator
		{D8C0EA8D-8C1D-4921-9E89-EF0B81CA0F08}.Release|ARM.ActiveCfg = Release|iPhone
		{D8C0EA8D-8C1D-4921-9E89-EF0B81CA0F08}.Release|iPhone.ActiveCfg = Release|iPhone
		{D8C0EA8D-8C1D-4921-9E89-EF0B81CA0F08}.Release|iPhone.Build.0 = Release|iPhone
		{D8C0EA8D-8C1D-4921-9E89-EF0B81CA0F08}.Release|iPhoneSimulator.ActiveCfg = Release|iPhoneSimulator
		{D8C0EA8D-8C1D-4921-9E89-EF0B81CA0F08}.Release|iPhoneSimulator.Build.0 = Release|iPhoneSimulator
		{D8C0EA8D-8C1D-4921-9E89-EF0B81CA0F08}.Release|Mixed Platforms.ActiveCfg = Release|iPhoneSimulator
		{D8C0EA8D-8C1D-4921-9E89-EF0B81CA0F08}.Release|x86.ActiveCfg = Release|iPhone
		{338A36ED-AEA1-4D2B-B465-0AAB73D8E39D}.Ad-Hoc|Any CPU.ActiveCfg = Debug|Any CPU
		{338A36ED-AEA1-4D2B-B465-0AAB73D8E39D}.Ad-Hoc|Any CPU.Build.0 = Debug|Any CPU
		{338A36ED-AEA1-4D2B-B465-0AAB73D8E39D}.Ad-Hoc|ARM.ActiveCfg = Release|Any CPU
		{338A36ED-AEA1-4D2B-B465-0AAB73D8E39D}.Ad-Hoc|iPhone.ActiveCfg = Release|Any CPU
		{338A36ED-AEA1-4D2B-B465-0AAB73D8E39D}.Ad-Hoc|iPhone.Build.0 = Release|Any CPU
		{338A36ED-AEA1-4D2B-B465-0AAB73D8E39D}.Ad-Hoc|iPhoneSimulator.ActiveCfg = Debug|Any CPU
		{338A36ED-AEA1-4D2B-B465-0AAB73D8E39D}.Ad-Hoc|iPhoneSimulator.Build.0 = Debug|Any CPU
		{338A36ED-AEA1-4D2B-B465-0AAB73D8E39D}.Ad-Hoc|Mixed Platforms.ActiveCfg = Debug|Any CPU
		{338A36ED-AEA1-4D2B-B465-0AAB73D8E39D}.Ad-Hoc|Mixed Platforms.Build.0 = Debug|Any CPU
		{338A36ED-AEA1-4D2B-B465-0AAB73D8E39D}.Ad-Hoc|x86.ActiveCfg = Release|Any CPU
		{338A36ED-AEA1-4D2B-B465-0AAB73D8E39D}.AppStore|Any CPU.ActiveCfg = Debug|Any CPU
		{338A36ED-AEA1-4D2B-B465-0AAB73D8E39D}.AppStore|Any CPU.Build.0 = Debug|Any CPU
		{338A36ED-AEA1-4D2B-B465-0AAB73D8E39D}.AppStore|ARM.ActiveCfg = Release|Any CPU
		{338A36ED-AEA1-4D2B-B465-0AAB73D8E39D}.AppStore|iPhone.ActiveCfg = Release|Any CPU
		{338A36ED-AEA1-4D2B-B465-0AAB73D8E39D}.AppStore|iPhone.Build.0 = Release|Any CPU
		{338A36ED-AEA1-4D2B-B465-0AAB73D8E39D}.AppStore|iPhoneSimulator.ActiveCfg = Debug|Any CPU
		{338A36ED-AEA1-4D2B-B465-0AAB73D8E39D}.AppStore|iPhoneSimulator.Build.0 = Debug|Any CPU
		{338A36ED-AEA1-4D2B-B465-0AAB73D8E39D}.AppStore|Mixed Platforms.ActiveCfg = Debug|Any CPU
		{338A36ED-AEA1-4D2B-B465-0AAB73D8E39D}.AppStore|Mixed Platforms.Build.0 = Debug|Any CPU
		{338A36ED-AEA1-4D2B-B465-0AAB73D8E39D}.AppStore|x86.ActiveCfg = Release|Any CPU
		{338A36ED-AEA1-4D2B-B465-0AAB73D8E39D}.Debug|Any CPU.ActiveCfg = Debug|Any CPU
		{338A36ED-AEA1-4D2B-B465-0AAB73D8E39D}.Debug|Any CPU.Build.0 = Debug|Any CPU
		{338A36ED-AEA1-4D2B-B465-0AAB73D8E39D}.Debug|ARM.ActiveCfg = Debug|Any CPU
		{338A36ED-AEA1-4D2B-B465-0AAB73D8E39D}.Debug|iPhone.ActiveCfg = Debug|Any CPU
		{338A36ED-AEA1-4D2B-B465-0AAB73D8E39D}.Debug|iPhone.Build.0 = Debug|Any CPU
		{338A36ED-AEA1-4D2B-B465-0AAB73D8E39D}.Debug|iPhoneSimulator.ActiveCfg = Debug|Any CPU
		{338A36ED-AEA1-4D2B-B465-0AAB73D8E39D}.Debug|iPhoneSimulator.Build.0 = Debug|Any CPU
		{338A36ED-AEA1-4D2B-B465-0AAB73D8E39D}.Debug|Mixed Platforms.ActiveCfg = Debug|Any CPU
		{338A36ED-AEA1-4D2B-B465-0AAB73D8E39D}.Debug|Mixed Platforms.Build.0 = Debug|Any CPU
		{338A36ED-AEA1-4D2B-B465-0AAB73D8E39D}.Debug|x86.ActiveCfg = Debug|Any CPU
		{338A36ED-AEA1-4D2B-B465-0AAB73D8E39D}.Release|Any CPU.ActiveCfg = Release|Any CPU
		{338A36ED-AEA1-4D2B-B465-0AAB73D8E39D}.Release|Any CPU.Build.0 = Release|Any CPU
		{338A36ED-AEA1-4D2B-B465-0AAB73D8E39D}.Release|ARM.ActiveCfg = Release|Any CPU
		{338A36ED-AEA1-4D2B-B465-0AAB73D8E39D}.Release|iPhone.ActiveCfg = Release|Any CPU
		{338A36ED-AEA1-4D2B-B465-0AAB73D8E39D}.Release|iPhone.Build.0 = Release|Any CPU
		{338A36ED-AEA1-4D2B-B465-0AAB73D8E39D}.Release|iPhoneSimulator.ActiveCfg = Release|Any CPU
		{338A36ED-AEA1-4D2B-B465-0AAB73D8E39D}.Release|iPhoneSimulator.Build.0 = Release|Any CPU
		{338A36ED-AEA1-4D2B-B465-0AAB73D8E39D}.Release|Mixed Platforms.ActiveCfg = Release|Any CPU
		{338A36ED-AEA1-4D2B-B465-0AAB73D8E39D}.Release|Mixed Platforms.Build.0 = Release|Any CPU
		{338A36ED-AEA1-4D2B-B465-0AAB73D8E39D}.Release|x86.ActiveCfg = Release|Any CPU
		{C3E7C88F-3F45-425D-93B9-46F214FA7A62}.Ad-Hoc|Any CPU.ActiveCfg = Release|Any CPU
		{C3E7C88F-3F45-425D-93B9-46F214FA7A62}.Ad-Hoc|Any CPU.Build.0 = Release|Any CPU
		{C3E7C88F-3F45-425D-93B9-46F214FA7A62}.Ad-Hoc|ARM.ActiveCfg = Debug|Any CPU
		{C3E7C88F-3F45-425D-93B9-46F214FA7A62}.Ad-Hoc|iPhone.ActiveCfg = Release|Any CPU
		{C3E7C88F-3F45-425D-93B9-46F214FA7A62}.Ad-Hoc|iPhoneSimulator.ActiveCfg = Release|Any CPU
		{C3E7C88F-3F45-425D-93B9-46F214FA7A62}.Ad-Hoc|Mixed Platforms.ActiveCfg = Release|Any CPU
		{C3E7C88F-3F45-425D-93B9-46F214FA7A62}.Ad-Hoc|Mixed Platforms.Build.0 = Release|Any CPU
		{C3E7C88F-3F45-425D-93B9-46F214FA7A62}.Ad-Hoc|x86.ActiveCfg = Debug|Any CPU
		{C3E7C88F-3F45-425D-93B9-46F214FA7A62}.AppStore|Any CPU.ActiveCfg = Release|Any CPU
		{C3E7C88F-3F45-425D-93B9-46F214FA7A62}.AppStore|Any CPU.Build.0 = Release|Any CPU
		{C3E7C88F-3F45-425D-93B9-46F214FA7A62}.AppStore|ARM.ActiveCfg = Debug|Any CPU
		{C3E7C88F-3F45-425D-93B9-46F214FA7A62}.AppStore|iPhone.ActiveCfg = Release|Any CPU
		{C3E7C88F-3F45-425D-93B9-46F214FA7A62}.AppStore|iPhoneSimulator.ActiveCfg = Release|Any CPU
		{C3E7C88F-3F45-425D-93B9-46F214FA7A62}.AppStore|Mixed Platforms.ActiveCfg = Release|Any CPU
		{C3E7C88F-3F45-425D-93B9-46F214FA7A62}.AppStore|Mixed Platforms.Build.0 = Release|Any CPU
		{C3E7C88F-3F45-425D-93B9-46F214FA7A62}.AppStore|x86.ActiveCfg = Debug|Any CPU
		{C3E7C88F-3F45-425D-93B9-46F214FA7A62}.Debug|Any CPU.ActiveCfg = Debug|Any CPU
		{C3E7C88F-3F45-425D-93B9-46F214FA7A62}.Debug|Any CPU.Build.0 = Debug|Any CPU
		{C3E7C88F-3F45-425D-93B9-46F214FA7A62}.Debug|ARM.ActiveCfg = Debug|Any CPU
		{C3E7C88F-3F45-425D-93B9-46F214FA7A62}.Debug|iPhone.ActiveCfg = Debug|Any CPU
		{C3E7C88F-3F45-425D-93B9-46F214FA7A62}.Debug|iPhoneSimulator.ActiveCfg = Debug|Any CPU
		{C3E7C88F-3F45-425D-93B9-46F214FA7A62}.Debug|Mixed Platforms.ActiveCfg = Debug|Any CPU
		{C3E7C88F-3F45-425D-93B9-46F214FA7A62}.Debug|Mixed Platforms.Build.0 = Debug|Any CPU
		{C3E7C88F-3F45-425D-93B9-46F214FA7A62}.Debug|x86.ActiveCfg = Debug|Any CPU
		{C3E7C88F-3F45-425D-93B9-46F214FA7A62}.Release|Any CPU.ActiveCfg = Release|Any CPU
		{C3E7C88F-3F45-425D-93B9-46F214FA7A62}.Release|Any CPU.Build.0 = Release|Any CPU
		{C3E7C88F-3F45-425D-93B9-46F214FA7A62}.Release|ARM.ActiveCfg = Release|Any CPU
		{C3E7C88F-3F45-425D-93B9-46F214FA7A62}.Release|iPhone.ActiveCfg = Release|Any CPU
		{C3E7C88F-3F45-425D-93B9-46F214FA7A62}.Release|iPhoneSimulator.ActiveCfg = Release|Any CPU
		{C3E7C88F-3F45-425D-93B9-46F214FA7A62}.Release|Mixed Platforms.ActiveCfg = Release|Any CPU
		{C3E7C88F-3F45-425D-93B9-46F214FA7A62}.Release|Mixed Platforms.Build.0 = Release|Any CPU
		{C3E7C88F-3F45-425D-93B9-46F214FA7A62}.Release|x86.ActiveCfg = Release|Any CPU
		{B2E51CD5-3CFD-496F-8693-38B076876652}.Ad-Hoc|Any CPU.ActiveCfg = Release|Any CPU
		{B2E51CD5-3CFD-496F-8693-38B076876652}.Ad-Hoc|Any CPU.Build.0 = Release|Any CPU
		{B2E51CD5-3CFD-496F-8693-38B076876652}.Ad-Hoc|ARM.ActiveCfg = Debug|Any CPU
		{B2E51CD5-3CFD-496F-8693-38B076876652}.Ad-Hoc|iPhone.ActiveCfg = Release|Any CPU
		{B2E51CD5-3CFD-496F-8693-38B076876652}.Ad-Hoc|iPhoneSimulator.ActiveCfg = Release|Any CPU
		{B2E51CD5-3CFD-496F-8693-38B076876652}.Ad-Hoc|Mixed Platforms.ActiveCfg = Release|Any CPU
		{B2E51CD5-3CFD-496F-8693-38B076876652}.Ad-Hoc|Mixed Platforms.Build.0 = Release|Any CPU
		{B2E51CD5-3CFD-496F-8693-38B076876652}.Ad-Hoc|x86.ActiveCfg = Debug|Any CPU
		{B2E51CD5-3CFD-496F-8693-38B076876652}.AppStore|Any CPU.ActiveCfg = Release|Any CPU
		{B2E51CD5-3CFD-496F-8693-38B076876652}.AppStore|Any CPU.Build.0 = Release|Any CPU
		{B2E51CD5-3CFD-496F-8693-38B076876652}.AppStore|ARM.ActiveCfg = Debug|Any CPU
		{B2E51CD5-3CFD-496F-8693-38B076876652}.AppStore|iPhone.ActiveCfg = Release|Any CPU
		{B2E51CD5-3CFD-496F-8693-38B076876652}.AppStore|iPhoneSimulator.ActiveCfg = Release|Any CPU
		{B2E51CD5-3CFD-496F-8693-38B076876652}.AppStore|Mixed Platforms.ActiveCfg = Release|Any CPU
		{B2E51CD5-3CFD-496F-8693-38B076876652}.AppStore|Mixed Platforms.Build.0 = Release|Any CPU
		{B2E51CD5-3CFD-496F-8693-38B076876652}.AppStore|x86.ActiveCfg = Debug|Any CPU
		{B2E51CD5-3CFD-496F-8693-38B076876652}.Debug|Any CPU.ActiveCfg = Debug|Any CPU
		{B2E51CD5-3CFD-496F-8693-38B076876652}.Debug|Any CPU.Build.0 = Debug|Any CPU
		{B2E51CD5-3CFD-496F-8693-38B076876652}.Debug|ARM.ActiveCfg = Debug|Any CPU
		{B2E51CD5-3CFD-496F-8693-38B076876652}.Debug|iPhone.ActiveCfg = Debug|Any CPU
		{B2E51CD5-3CFD-496F-8693-38B076876652}.Debug|iPhoneSimulator.ActiveCfg = Debug|Any CPU
		{B2E51CD5-3CFD-496F-8693-38B076876652}.Debug|Mixed Platforms.ActiveCfg = Debug|Any CPU
		{B2E51CD5-3CFD-496F-8693-38B076876652}.Debug|Mixed Platforms.Build.0 = Debug|Any CPU
		{B2E51CD5-3CFD-496F-8693-38B076876652}.Debug|x86.ActiveCfg = Debug|Any CPU
		{B2E51CD5-3CFD-496F-8693-38B076876652}.Release|Any CPU.ActiveCfg = Release|Any CPU
		{B2E51CD5-3CFD-496F-8693-38B076876652}.Release|Any CPU.Build.0 = Release|Any CPU
		{B2E51CD5-3CFD-496F-8693-38B076876652}.Release|ARM.ActiveCfg = Release|Any CPU
		{B2E51CD5-3CFD-496F-8693-38B076876652}.Release|iPhone.ActiveCfg = Release|Any CPU
		{B2E51CD5-3CFD-496F-8693-38B076876652}.Release|iPhoneSimulator.ActiveCfg = Release|Any CPU
		{B2E51CD5-3CFD-496F-8693-38B076876652}.Release|Mixed Platforms.ActiveCfg = Release|Any CPU
		{B2E51CD5-3CFD-496F-8693-38B076876652}.Release|Mixed Platforms.Build.0 = Release|Any CPU
		{B2E51CD5-3CFD-496F-8693-38B076876652}.Release|x86.ActiveCfg = Release|Any CPU
		{86D46DF5-BCE5-476B-8B55-3CFD81D6EDE6}.Ad-Hoc|Any CPU.ActiveCfg = Release|Any CPU
		{86D46DF5-BCE5-476B-8B55-3CFD81D6EDE6}.Ad-Hoc|Any CPU.Build.0 = Release|Any CPU
		{86D46DF5-BCE5-476B-8B55-3CFD81D6EDE6}.Ad-Hoc|Any CPU.Deploy.0 = Release|Any CPU
		{86D46DF5-BCE5-476B-8B55-3CFD81D6EDE6}.Ad-Hoc|ARM.ActiveCfg = Release|ARM
		{86D46DF5-BCE5-476B-8B55-3CFD81D6EDE6}.Ad-Hoc|ARM.Build.0 = Release|ARM
		{86D46DF5-BCE5-476B-8B55-3CFD81D6EDE6}.Ad-Hoc|ARM.Deploy.0 = Release|ARM
		{86D46DF5-BCE5-476B-8B55-3CFD81D6EDE6}.Ad-Hoc|iPhone.ActiveCfg = Release|Any CPU
		{86D46DF5-BCE5-476B-8B55-3CFD81D6EDE6}.Ad-Hoc|iPhoneSimulator.ActiveCfg = Release|Any CPU
		{86D46DF5-BCE5-476B-8B55-3CFD81D6EDE6}.Ad-Hoc|Mixed Platforms.ActiveCfg = Release|x86
		{86D46DF5-BCE5-476B-8B55-3CFD81D6EDE6}.Ad-Hoc|Mixed Platforms.Build.0 = Release|x86
		{86D46DF5-BCE5-476B-8B55-3CFD81D6EDE6}.Ad-Hoc|Mixed Platforms.Deploy.0 = Release|x86
		{86D46DF5-BCE5-476B-8B55-3CFD81D6EDE6}.Ad-Hoc|x86.ActiveCfg = Release|x86
		{86D46DF5-BCE5-476B-8B55-3CFD81D6EDE6}.Ad-Hoc|x86.Build.0 = Release|x86
		{86D46DF5-BCE5-476B-8B55-3CFD81D6EDE6}.Ad-Hoc|x86.Deploy.0 = Release|x86
		{86D46DF5-BCE5-476B-8B55-3CFD81D6EDE6}.AppStore|Any CPU.ActiveCfg = Release|Any CPU
		{86D46DF5-BCE5-476B-8B55-3CFD81D6EDE6}.AppStore|Any CPU.Build.0 = Release|Any CPU
		{86D46DF5-BCE5-476B-8B55-3CFD81D6EDE6}.AppStore|Any CPU.Deploy.0 = Release|Any CPU
		{86D46DF5-BCE5-476B-8B55-3CFD81D6EDE6}.AppStore|ARM.ActiveCfg = Release|ARM
		{86D46DF5-BCE5-476B-8B55-3CFD81D6EDE6}.AppStore|ARM.Build.0 = Release|ARM
		{86D46DF5-BCE5-476B-8B55-3CFD81D6EDE6}.AppStore|ARM.Deploy.0 = Release|ARM
		{86D46DF5-BCE5-476B-8B55-3CFD81D6EDE6}.AppStore|iPhone.ActiveCfg = Release|Any CPU
		{86D46DF5-BCE5-476B-8B55-3CFD81D6EDE6}.AppStore|iPhoneSimulator.ActiveCfg = Release|Any CPU
		{86D46DF5-BCE5-476B-8B55-3CFD81D6EDE6}.AppStore|Mixed Platforms.ActiveCfg = Release|x86
		{86D46DF5-BCE5-476B-8B55-3CFD81D6EDE6}.AppStore|Mixed Platforms.Build.0 = Release|x86
		{86D46DF5-BCE5-476B-8B55-3CFD81D6EDE6}.AppStore|Mixed Platforms.Deploy.0 = Release|x86
		{86D46DF5-BCE5-476B-8B55-3CFD81D6EDE6}.AppStore|x86.ActiveCfg = Release|x86
		{86D46DF5-BCE5-476B-8B55-3CFD81D6EDE6}.AppStore|x86.Build.0 = Release|x86
		{86D46DF5-BCE5-476B-8B55-3CFD81D6EDE6}.AppStore|x86.Deploy.0 = Release|x86
		{86D46DF5-BCE5-476B-8B55-3CFD81D6EDE6}.Debug|Any CPU.ActiveCfg = Debug|Any CPU
		{86D46DF5-BCE5-476B-8B55-3CFD81D6EDE6}.Debug|Any CPU.Build.0 = Debug|Any CPU
		{86D46DF5-BCE5-476B-8B55-3CFD81D6EDE6}.Debug|Any CPU.Deploy.0 = Debug|Any CPU
		{86D46DF5-BCE5-476B-8B55-3CFD81D6EDE6}.Debug|ARM.ActiveCfg = Debug|ARM
		{86D46DF5-BCE5-476B-8B55-3CFD81D6EDE6}.Debug|ARM.Build.0 = Debug|ARM
		{86D46DF5-BCE5-476B-8B55-3CFD81D6EDE6}.Debug|ARM.Deploy.0 = Debug|ARM
		{86D46DF5-BCE5-476B-8B55-3CFD81D6EDE6}.Debug|iPhone.ActiveCfg = Debug|Any CPU
		{86D46DF5-BCE5-476B-8B55-3CFD81D6EDE6}.Debug|iPhoneSimulator.ActiveCfg = Debug|Any CPU
		{86D46DF5-BCE5-476B-8B55-3CFD81D6EDE6}.Debug|Mixed Platforms.ActiveCfg = Debug|x86
		{86D46DF5-BCE5-476B-8B55-3CFD81D6EDE6}.Debug|Mixed Platforms.Build.0 = Debug|x86
		{86D46DF5-BCE5-476B-8B55-3CFD81D6EDE6}.Debug|Mixed Platforms.Deploy.0 = Debug|x86
		{86D46DF5-BCE5-476B-8B55-3CFD81D6EDE6}.Debug|x86.ActiveCfg = Debug|x86
		{86D46DF5-BCE5-476B-8B55-3CFD81D6EDE6}.Debug|x86.Build.0 = Debug|x86
		{86D46DF5-BCE5-476B-8B55-3CFD81D6EDE6}.Debug|x86.Deploy.0 = Debug|x86
		{86D46DF5-BCE5-476B-8B55-3CFD81D6EDE6}.Release|Any CPU.ActiveCfg = Release|Any CPU
		{86D46DF5-BCE5-476B-8B55-3CFD81D6EDE6}.Release|Any CPU.Build.0 = Release|Any CPU
		{86D46DF5-BCE5-476B-8B55-3CFD81D6EDE6}.Release|Any CPU.Deploy.0 = Release|Any CPU
		{86D46DF5-BCE5-476B-8B55-3CFD81D6EDE6}.Release|ARM.ActiveCfg = Release|ARM
		{86D46DF5-BCE5-476B-8B55-3CFD81D6EDE6}.Release|ARM.Build.0 = Release|ARM
		{86D46DF5-BCE5-476B-8B55-3CFD81D6EDE6}.Release|ARM.Deploy.0 = Release|ARM
		{86D46DF5-BCE5-476B-8B55-3CFD81D6EDE6}.Release|iPhone.ActiveCfg = Release|Any CPU
		{86D46DF5-BCE5-476B-8B55-3CFD81D6EDE6}.Release|iPhoneSimulator.ActiveCfg = Release|Any CPU
		{86D46DF5-BCE5-476B-8B55-3CFD81D6EDE6}.Release|Mixed Platforms.ActiveCfg = Release|x86
		{86D46DF5-BCE5-476B-8B55-3CFD81D6EDE6}.Release|Mixed Platforms.Build.0 = Release|x86
		{86D46DF5-BCE5-476B-8B55-3CFD81D6EDE6}.Release|Mixed Platforms.Deploy.0 = Release|x86
		{86D46DF5-BCE5-476B-8B55-3CFD81D6EDE6}.Release|x86.ActiveCfg = Release|x86
		{86D46DF5-BCE5-476B-8B55-3CFD81D6EDE6}.Release|x86.Build.0 = Release|x86
		{86D46DF5-BCE5-476B-8B55-3CFD81D6EDE6}.Release|x86.Deploy.0 = Release|x86
		{F1CB80DD-94C8-4F63-8926-05E454F6675C}.Ad-Hoc|Any CPU.ActiveCfg = Release|x86
		{F1CB80DD-94C8-4F63-8926-05E454F6675C}.Ad-Hoc|ARM.ActiveCfg = Release|x86
		{F1CB80DD-94C8-4F63-8926-05E454F6675C}.Ad-Hoc|iPhone.ActiveCfg = Release|x86
		{F1CB80DD-94C8-4F63-8926-05E454F6675C}.Ad-Hoc|iPhoneSimulator.ActiveCfg = Release|x86
		{F1CB80DD-94C8-4F63-8926-05E454F6675C}.Ad-Hoc|Mixed Platforms.ActiveCfg = Release|x86
		{F1CB80DD-94C8-4F63-8926-05E454F6675C}.Ad-Hoc|Mixed Platforms.Build.0 = Release|x86
		{F1CB80DD-94C8-4F63-8926-05E454F6675C}.Ad-Hoc|x86.ActiveCfg = Release|x86
		{F1CB80DD-94C8-4F63-8926-05E454F6675C}.Ad-Hoc|x86.Build.0 = Release|x86
		{F1CB80DD-94C8-4F63-8926-05E454F6675C}.AppStore|Any CPU.ActiveCfg = Release|x86
		{F1CB80DD-94C8-4F63-8926-05E454F6675C}.AppStore|ARM.ActiveCfg = Release|x86
		{F1CB80DD-94C8-4F63-8926-05E454F6675C}.AppStore|iPhone.ActiveCfg = Release|x86
		{F1CB80DD-94C8-4F63-8926-05E454F6675C}.AppStore|iPhoneSimulator.ActiveCfg = Release|x86
		{F1CB80DD-94C8-4F63-8926-05E454F6675C}.AppStore|Mixed Platforms.ActiveCfg = Release|x86
		{F1CB80DD-94C8-4F63-8926-05E454F6675C}.AppStore|Mixed Platforms.Build.0 = Release|x86
		{F1CB80DD-94C8-4F63-8926-05E454F6675C}.AppStore|x86.ActiveCfg = Release|x86
		{F1CB80DD-94C8-4F63-8926-05E454F6675C}.AppStore|x86.Build.0 = Release|x86
		{F1CB80DD-94C8-4F63-8926-05E454F6675C}.Debug|Any CPU.ActiveCfg = Debug|x86
		{F1CB80DD-94C8-4F63-8926-05E454F6675C}.Debug|ARM.ActiveCfg = Debug|x86
		{F1CB80DD-94C8-4F63-8926-05E454F6675C}.Debug|iPhone.ActiveCfg = Debug|x86
		{F1CB80DD-94C8-4F63-8926-05E454F6675C}.Debug|iPhoneSimulator.ActiveCfg = Debug|x86
		{F1CB80DD-94C8-4F63-8926-05E454F6675C}.Debug|Mixed Platforms.ActiveCfg = Debug|x86
		{F1CB80DD-94C8-4F63-8926-05E454F6675C}.Debug|Mixed Platforms.Build.0 = Debug|x86
		{F1CB80DD-94C8-4F63-8926-05E454F6675C}.Debug|x86.ActiveCfg = Debug|x86
		{F1CB80DD-94C8-4F63-8926-05E454F6675C}.Debug|x86.Build.0 = Debug|x86
		{F1CB80DD-94C8-4F63-8926-05E454F6675C}.Release|Any CPU.ActiveCfg = Release|x86
		{F1CB80DD-94C8-4F63-8926-05E454F6675C}.Release|ARM.ActiveCfg = Release|x86
		{F1CB80DD-94C8-4F63-8926-05E454F6675C}.Release|iPhone.ActiveCfg = Release|x86
		{F1CB80DD-94C8-4F63-8926-05E454F6675C}.Release|iPhoneSimulator.ActiveCfg = Release|x86
		{F1CB80DD-94C8-4F63-8926-05E454F6675C}.Release|Mixed Platforms.ActiveCfg = Release|x86
		{F1CB80DD-94C8-4F63-8926-05E454F6675C}.Release|Mixed Platforms.Build.0 = Release|x86
		{F1CB80DD-94C8-4F63-8926-05E454F6675C}.Release|x86.ActiveCfg = Release|x86
		{F1CB80DD-94C8-4F63-8926-05E454F6675C}.Release|x86.Build.0 = Release|x86
	EndGlobalSection
	GlobalSection(SolutionProperties) = preSolution
		HideSolutionNode = FALSE
	EndGlobalSection
	GlobalSection(NestedProjects) = preSolution
		{44FABCC9-52E0-43AD-ABA9-C1FA909941E0} = {1246C68D-DFAC-4390-B074-DC538E983356}
		{B2E51CD5-3CFD-496F-8693-38B076876652} = {65AC9D36-2748-4EEB-9071-6C84FCB28AAC}
		{5D69B6BE-062B-408D-913E-5CD2F21D5D17} = {65AC9D36-2748-4EEB-9071-6C84FCB28AAC}
		{F1CB80DD-94C8-4F63-8926-05E454F6675C} = {B50B53DA-F06F-49D3-886A-E5E82426F487}
		{86D46DF5-BCE5-476B-8B55-3CFD81D6EDE6} = {B50B53DA-F06F-49D3-886A-E5E82426F487}
		{D8C0EA8D-8C1D-4921-9E89-EF0B81CA0F08} = {B50B53DA-F06F-49D3-886A-E5E82426F487}
	EndGlobalSection
	GlobalSection(MonoDevelopProperties) = preSolution
		StartupItem = ConsoleHost\ConsoleHost.csproj
	EndGlobalSection
EndGlobal
